{
  "originHash" : "a012616e0fc039c10ea7e5765615b8eac4594f3343f9c4c115b3ca6a1625e8da",
  "pins" : [
    {
      "identity" : "bigint",
      "kind" : "remoteSourceControl",
      "location" : "https://github.com/attaswift/BigInt.git",
      "state" : {
        "revision" : "d013a2b66ee468aade6da1f26c6d55cb6cd2e9ad",
        "version" : "5.5.2"
      }
    },
    {
      "identity" : "clibsodium",
      "kind" : "remoteSourceControl",
      "location" : "https://github.com/jauyou/Clibsodium.git",
      "state" : {
        "revision" : "1f40d6616cb8040f2fe9f613d57f1674d92bfe2c",
        "version" : "1.0.0"
      }
    }
  ],
  "version" : 3
}
